lockfileVersion: '9.0'

settings:
  autoInstallPeers: true
  excludeLinksFromLockfile: false

importers:

  .:
    dependencies:
      '@ai-sdk/openai':
        specifier: ^2.0.32
        version: 2.0.52(zod@4.1.12)
      '@linear/sdk':
        specifier: ^60.0.0
        version: 60.0.0
      '@ngrok/ngrok':
        specifier: ^1.5.2
        version: 1.5.2
      '@octokit/rest':
        specifier: ^22.0.0
        version: 22.0.0
      ai:
        specifier: ^5.0.48
        version: 5.0.72(zod@4.1.12)
      date-fns:
        specifier: ^4.1.0
        version: 4.1.0
      lodash:
        specifier: ^4.17.21
        version: 4.17.21
      zod:
        specifier: ^4.1.11
        version: 4.1.12
    devDependencies:
      '@types/bun':
        specifier: latest
        version: 1.3.0(@types/react@19.2.2)
      '@types/lodash':
        specifier: ^4.17.20
        version: 4.17.20
      oxlint:
        specifier: ^1.16.0
        version: 1.23.0
      prettier:
        specifier: ^3.6.2
        version: 3.6.2
      typescript:
        specifier: ^5.9.2
        version: 5.9.3

packages:

  '@ai-sdk/gateway@1.0.40':
    resolution: {integrity: sha512-zlixM9jac0w0jjYl5gwNq+w9nydvraAmLaZQbbh+QpHU+OPkTIZmyBcKeTq5eGQKQxhi+oquHxzCSKyJx3egGw==}
    engines: {node: '>=18'}
    peerDependencies:
      zod: ^3.25.76 || ^4.1.8

  '@ai-sdk/openai@2.0.52':
    resolution: {integrity: sha512-n1arAo4+63e6/FFE6z/1ZsZbiOl4cfsoZ3F4i2X7LPIEea786Y2yd7Qdr7AdB4HTLVo3OSb1PHVIcQmvYIhmEA==}
    engines: {node: '>=18'}
    peerDependencies:
      zod: ^3.25.76 || ^4.1.8

  '@ai-sdk/provider-utils@3.0.12':
    resolution: {integrity: sha512-ZtbdvYxdMoria+2SlNarEk6Hlgyf+zzcznlD55EAl+7VZvJaSg2sqPvwArY7L6TfDEDJsnCq0fdhBSkYo0Xqdg==}
    engines: {node: '>=18'}
    peerDependencies:
      zod: ^3.25.76 || ^4.1.8

  '@ai-sdk/provider@2.0.0':
    resolution: {integrity: sha512-6o7Y2SeO9vFKB8lArHXehNuusnpddKPk7xqL7T2/b+OvXMRIXUO1rR4wcv1hAFUAT9avGZshty3Wlua/XA7TvA==}
    engines: {node: '>=18'}

  '@graphql-typed-document-node/core@3.2.0':
    resolution: {integrity: sha512-mB9oAsNCm9aM3/SOv4YtBMqZbYj10R7dkq8byBqxGY/ncFwhf2oQzMV+LCRlWoDSEBJ3COiR1yeDvMtsoOsuFQ==}
    peerDependencies:
      graphql: ^0.8.0 || ^0.9.0 || ^0.10.0 || ^0.11.0 || ^0.12.0 || ^0.13.0 || ^14.0.0 || ^15.0.0 || ^16.0.0 || ^17.0.0

  '@linear/sdk@60.0.0':
    resolution: {integrity: sha512-6mllj354yC4iJ3euXvijisCQdTIlr77gpUl9Oit8qJYGXegtHZv+RwySdiLfNS6bXQy/Z5e0IYXXNg2sv9UrUQ==}
    engines: {node: '>=12.x', yarn: 1.x}

  '@ngrok/ngrok-android-arm64@1.5.2':
    resolution: {integrity: sha512-v81VbxxAgg2W7jbjhEcn8K9R2aUf0h1AuTx+8tDlw3L4H1YEmbmllIpBAGgMjHRBxLZKOo5GBi0k7oS+VRM5TA==}
    engines: {node: '>= 10'}
    cpu: [arm64]
    os: [android]

  '@ngrok/ngrok-darwin-arm64@1.5.2':
    resolution: {integrity: sha512-8CVzS9AveYpNhWbydm7cJ6XqmVg29/VRKF15l4kJ2djlNoJxuGSibgM9A627dWRdnJyj5uhmU3VzsgeU8t+/3g==}
    engines: {node: '>= 10'}
    cpu: [arm64]
    os: [darwin]

  '@ngrok/ngrok-darwin-universal@1.5.2':
    resolution: {integrity: sha512-mEMH1OxN6RxnqRSWb4xY9RqbtdlCpv+WlRKxq4lVy8JVsxEyFNnzVQ0jn+iuiy981jCXjokctzJeGMvECuSQBQ==}
    engines: {node: '>= 10'}
    os: [darwin]

  '@ngrok/ngrok-darwin-x64@1.5.2':
    resolution: {integrity: sha512-rGdcADw4NtMSU7SHUTly7uvMVYX6eMeMCppKyL5g3CSlEQntKf3AWs/89ah2TBWJA2WVl0UgGLkXp4xs1tg9eQ==}
    engines: {node: '>= 10'}
    cpu: [x64]
    os: [darwin]

  '@ngrok/ngrok-freebsd-x64@1.5.2':
    resolution: {integrity: sha512-WgY54qUekaUGa5+lFvzYUMjlzf22IEXuZHhxnzJM2/gMqa7gjU8N5W4U8XNDjVW/oz6DekrzIjuoAEPO+2icDg==}
    engines: {node: '>= 10'}
    cpu: [x64]
    os: [freebsd]

  '@ngrok/ngrok-linux-arm-gnueabihf@1.5.2':
    resolution: {integrity: sha512-azMxr/TGEeFU4JAUbSu5MO2aZEvdq+TzcxiLw6d+yhdEtNAjDW9TOyCczTrIZPOG5fP8G3lcCd8TP7mVIWdOnw==}
    engines: {node: '>= 10'}
    cpu: [arm]
    os: [linux]

  '@ngrok/ngrok-linux-arm64-gnu@1.5.2':
    resolution: {integrity: sha512-79eFCxio4rM0ICRBXx/CVvbXDeWk1Jxr7szkezEYWtHaL+gXivrtS1QjtMnJpGY1GJlLTQL+49w2lGydqPOJQA==}
    engines: {node: '>= 10'}
    cpu: [arm64]
    os: [linux]

  '@ngrok/ngrok-linux-arm64-musl@1.5.2':
    resolution: {integrity: sha512-ou9Z7iPQJIQ0RX5bdBhb3y7GwYRt+X0G9tenyRzKLXXvs0XfUUcg/23aBP61hmdRvBq7xpliV1PnvEVBgUIYMg==}
    engines: {node: '>= 10'}
    cpu: [arm64]
    os: [linux]

  '@ngrok/ngrok-linux-x64-gnu@1.5.2':
    resolution: {integrity: sha512-VI1mmtl3Ie5uXTVAR9thPiMNMsCWeqkjBUbHAyk2vZ2OXR4Vs2DGjOPXK+wTl/hjF29FXoxunjhMy6caF9ht0Q==}
    engines: {node: '>= 10'}
    cpu: [x64]
    os: [linux]

  '@ngrok/ngrok-linux-x64-musl@1.5.2':
    resolution: {integrity: sha512-F4j9EyC/0R3IgYSd+OER4bC8bxuBubvj33e24GvQnRF/IQaKhpybkvQbz54fnvsL7y0j2BB42NAIm2CFtk7tCw==}
    engines: {node: '>= 10'}
    cpu: [x64]
    os: [linux]

  '@ngrok/ngrok-win32-arm64-msvc@1.5.2':
    resolution: {integrity: sha512-0OMXNjWElM1MQX7lMBnpRtafS9+3ybauqGD4m2dZcIm6hFvexsJFwNgx0mCa5aKxe2mQ4zNarEUd+SqG2Aa4/g==}
    engines: {node: '>= 10'}
    cpu: [arm64]
    os: [win32]

  '@ngrok/ngrok-win32-ia32-msvc@1.5.2':
    resolution: {integrity: sha512-hdvhnr7Br4XhUblpW67v5XP6FyoQwJ2xSbwas4KW4hZ3F4cw0m6sqXpssRfmqg3/5HJony1H5B2jLi0x4J7uOw==}
    engines: {node: '>= 10'}
    cpu: [ia32]
    os: [win32]

  '@ngrok/ngrok-win32-x64-msvc@1.5.2':
    resolution: {integrity: sha512-aHuMiRti9Taow9DlYLGVmu9CXtXD/v4CBQWpZlmt7VGuK1KsTWWLaGIBFVp6UXnyW87b0A+KC69Kn/Xjylw+sg==}
    engines: {node: '>= 10'}
    cpu: [x64]
    os: [win32]

  '@ngrok/ngrok@1.5.2':
    resolution: {integrity: sha512-gN7KKdLTKer+wBSk9s9eDx53MUFdcnXNHsXxiC5sJLLD5HY9JRMSn6UzcCqnk7IgeIgCgw5h1k6YDqhjx6lmtg==}
    engines: {node: '>= 10'}

  '@octokit/auth-token@6.0.0':
    resolution: {integrity: sha512-P4YJBPdPSpWTQ1NU4XYdvHvXJJDxM6YwpS0FZHRgP7YFkdVxsWcpWGy/NVqlAA7PcPCnMacXlRm1y2PFZRWL/w==}
    engines: {node: '>= 20'}

  '@octokit/core@7.0.5':
    resolution: {integrity: sha512-t54CUOsFMappY1Jbzb7fetWeO0n6K0k/4+/ZpkS+3Joz8I4VcvY9OiEBFRYISqaI2fq5sCiPtAjRDOzVYG8m+Q==}
    engines: {node: '>= 20'}

  '@octokit/endpoint@11.0.1':
    resolution: {integrity: sha512-7P1dRAZxuWAOPI7kXfio88trNi/MegQ0IJD3vfgC3b+LZo1Qe6gRJc2v0mz2USWWJOKrB2h5spXCzGbw+fAdqA==}
    engines: {node: '>= 20'}

  '@octokit/graphql@9.0.2':
    resolution: {integrity: sha512-iz6KzZ7u95Fzy9Nt2L8cG88lGRMr/qy1Q36ih/XVzMIlPDMYwaNLE/ENhqmIzgPrlNWiYJkwmveEetvxAgFBJw==}
    engines: {node: '>= 20'}

  '@octokit/openapi-types@26.0.0':
    resolution: {integrity: sha512-7AtcfKtpo77j7Ts73b4OWhOZHTKo/gGY8bB3bNBQz4H+GRSWqx2yvj8TXRsbdTE0eRmYmXOEY66jM7mJ7LzfsA==}

  '@octokit/plugin-paginate-rest@13.2.0':
    resolution: {integrity: sha512-YuAlyjR8o5QoRSOvMHxSJzPtogkNMgeMv2mpccrvdUGeC3MKyfi/hS+KiFwyH/iRKIKyx+eIMsDjbt3p9r2GYA==}
    engines: {node: '>= 20'}
    peerDependencies:
      '@octokit/core': '>=6'

  '@octokit/plugin-request-log@6.0.0':
    resolution: {integrity: sha512-UkOzeEN3W91/eBq9sPZNQ7sUBvYCqYbrrD8gTbBuGtHEuycE4/awMXcYvx6sVYo7LypPhmQwwpUe4Yyu4QZN5Q==}
    engines: {node: '>= 20'}
    peerDependencies:
      '@octokit/core': '>=6'

  '@octokit/plugin-rest-endpoint-methods@16.1.0':
    resolution: {integrity: sha512-nCsyiKoGRnhH5LkH8hJEZb9swpqOcsW+VXv1QoyUNQXJeVODG4+xM6UICEqyqe9XFr6LkL8BIiFCPev8zMDXPw==}
    engines: {node: '>= 20'}
    peerDependencies:
      '@octokit/core': '>=6'

  '@octokit/request-error@7.0.1':
    resolution: {integrity: sha512-CZpFwV4+1uBrxu7Cw8E5NCXDWFNf18MSY23TdxCBgjw1tXXHvTrZVsXlW8hgFTOLw8RQR1BBrMvYRtuyaijHMA==}
    engines: {node: '>= 20'}

  '@octokit/request@10.0.5':
    resolution: {integrity: sha512-TXnouHIYLtgDhKo+N6mXATnDBkV05VwbR0TtMWpgTHIoQdRQfCSzmy/LGqR1AbRMbijq/EckC/E3/ZNcU92NaQ==}
    engines: {node: '>= 20'}

  '@octokit/rest@22.0.0':
    resolution: {integrity: sha512-z6tmTu9BTnw51jYGulxrlernpsQYXpui1RK21vmXn8yF5bp6iX16yfTtJYGK5Mh1qDkvDOmp2n8sRMcQmR8jiA==}
    engines: {node: '>= 20'}

  '@octokit/types@15.0.0':
    resolution: {integrity: sha512-8o6yDfmoGJUIeR9OfYU0/TUJTnMPG2r68+1yEdUeG2Fdqpj8Qetg0ziKIgcBm0RW/j29H41WP37CYCEhp6GoHQ==}

  '@opentelemetry/api@1.9.0':
    resolution: {integrity: sha512-3giAOQvZiH5F9bMlMiv8+GSPMeqg0dbaeo58/0SlA9sxSqZhnUtxzX9/2FzyhS9sWQf5S0GJE0AKBrFqjpeYcg==}
    engines: {node: '>=8.0.0'}

  '@oxlint/darwin-arm64@1.23.0':
    resolution: {integrity: sha512-sbxoftgEMKmZQO7O4wHR9Rs7MfiHa2UH2x4QJDoc4LXqSCsI4lUIJbFQ05vX+zOUbt7CQMPdxEzExd4DqeKY2w==}
    cpu: [arm64]
    os: [darwin]

  '@oxlint/darwin-x64@1.23.0':
    resolution: {integrity: sha512-PjByWr1TlwHQiOqEc8CPyXCT4wnujSK3n9l1m4un0Eh0uLJEDG5WM9tyDWOGuakC0Ika9/SMp0HDRg3ySchRRA==}
    cpu: [x64]
    os: [darwin]

  '@oxlint/linux-arm64-gnu@1.23.0':
    resolution: {integrity: sha512-sWlCwQ6xKeKC08qU3SfozqpRGCLJiO/onPYFJKEHbjzHkFp+OubOacFaT4ePcka28jCU1TvQ7Gi5BVQRncr0Xg==}
    cpu: [arm64]
    os: [linux]

  '@oxlint/linux-arm64-musl@1.23.0':
    resolution: {integrity: sha512-MPkmSiezuVgjMbzDSkRhENdnb038JOI+OTpBrOho2crbCAuqSRvyFwkMRhncJGZskzo1yeKxrKXB8T83ofmSXw==}
    cpu: [arm64]
    os: [linux]

  '@oxlint/linux-x64-gnu@1.23.0':
    resolution: {integrity: sha512-F6H9wmLfjBoNqtsgyg3P9abLnkVjNbCAnISKdRtDl7HvkMs4s/eU8np9+tSnqPeKOTBhkS+h/VSWgPGZTqIWQA==}
    cpu: [x64]
    os: [linux]

  '@oxlint/linux-x64-musl@1.23.0':
    resolution: {integrity: sha512-Xra0Cow35mAku8mbUbviPRalTU4Ct6MXQ1Eue8GmN4HFkjosrNa5qfy7QkJBqzjiI+JdnHxPXwackGn92/XOQw==}
    cpu: [x64]
    os: [linux]

  '@oxlint/win32-arm64@1.23.0':
    resolution: {integrity: sha512-FR+I+uGD3eFzTfBw87QRr+Y1jBYil3TqPM0wkSvuf3gOJTEXAfSkh9QHCgQqrseW3HDW7YJJ8ty1+sU31H/N4g==}
    cpu: [arm64]
    os: [win32]

  '@oxlint/win32-x64@1.23.0':
    resolution: {integrity: sha512-/oX0b26YIC1OgS5B+G8Ux1Vs/PIjOP4CBRzsPpYr0T+RoboJ3ZuV32bztLRggJKQqIlozcqiRo9fl/UMOMp8kQ==}
    cpu: [x64]
    os: [win32]

  '@standard-schema/spec@1.0.0':
    resolution: {integrity: sha512-m2bOd0f2RT9k8QJx1JN85cZYyH1RqFBdlwtkSlf4tBDYLCiiZnv1fIIwacK6cqwXavOydf0NPToMQgpKq+dVlA==}

  '@types/bun@1.3.0':
    resolution: {integrity: sha512-+lAGCYjXjip2qY375xX/scJeVRmZ5cY0wyHYyCYxNcdEXrQ4AOe3gACgd4iQ8ksOslJtW4VNxBJ8llUwc3a6AA==}

  '@types/lodash@4.17.20':
    resolution: {integrity: sha512-H3MHACvFUEiujabxhaI/ImO6gUrd8oOurg7LQtS7mbwIXA/cUqWrvBsaeJ23aZEPk1TAYkurjfMbSELfoCXlGA==}

  '@types/node@24.7.2':
    resolution: {integrity: sha512-/NbVmcGTP+lj5oa4yiYxxeBjRivKQ5Ns1eSZeB99ExsEQ6rX5XYU1Zy/gGxY/ilqtD4Etx9mKyrPxZRetiahhA==}

  '@types/react@19.2.2':
    resolution: {integrity: sha512-6mDvHUFSjyT2B2yeNx2nUgMxh9LtOWvkhIU3uePn2I2oyNymUAX1NIsdgviM4CH+JSrp2D2hsMvJOkxY+0wNRA==}

  '@vercel/oidc@3.0.2':
    resolution: {integrity: sha512-JekxQ0RApo4gS4un/iMGsIL1/k4KUBe3HmnGcDvzHuFBdQdudEJgTqcsJC7y6Ul4Yw5CeykgvQbX2XeEJd0+DA==}
    engines: {node: '>= 20'}

  ai@5.0.72:
    resolution: {integrity: sha512-LB4APrlESLGHG/5x+VVdl0yYPpHPHpnGd5Gwl7AWVL+n7T0GYsNos/S/6dZ5CZzxLnPPEBkRgvJC4rupeZqyNg==}
    engines: {node: '>=18'}
    peerDependencies:
      zod: ^3.25.76 || ^4.1.8

  before-after-hook@4.0.0:
    resolution: {integrity: sha512-q6tR3RPqIB1pMiTRMFcZwuG5T8vwp+vUvEG0vuI6B+Rikh5BfPp2fQ82c925FOs+b0lcFQ8CFrL+KbilfZFhOQ==}

  bun-types@1.3.0:
    resolution: {integrity: sha512-u8X0thhx+yJ0KmkxuEo9HAtdfgCBaM/aI9K90VQcQioAmkVp3SG3FkwWGibUFz3WdXAdcsqOcbU40lK7tbHdkQ==}
    peerDependencies:
      '@types/react': ^19

  csstype@3.1.3:
    resolution: {integrity: sha512-M1uQkMl8rQK/szD0LNhtqxIPLpimGm8sOBwU7lLnCpSbTyY3yeU1Vc7l4KT5zT4s/yOxHH5O7tIuuLOCnLADRw==}

  date-fns@4.1.0:
    resolution: {integrity: sha512-Ukq0owbQXxa/U3EGtsdVBkR1w7KOQ5gIBqdH2hkvknzZPYvBxb/aa6E8L7tmjFtkwZBu3UXBbjIgPo/Ez4xaNg==}

  eventsource-parser@3.0.6:
    resolution: {integrity: sha512-Vo1ab+QXPzZ4tCa8SwIHJFaSzy4R6SHf7BY79rFBDf0idraZWAkYrDjDj8uWaSm3S2TK+hJ7/t1CEmZ7jXw+pg==}
    engines: {node: '>=18.0.0'}

  fast-content-type-parse@3.0.0:
    resolution: {integrity: sha512-ZvLdcY8P+N8mGQJahJV5G4U88CSvT1rP8ApL6uETe88MBXrBHAkZlSEySdUlyztF7ccb+Znos3TFqaepHxdhBg==}

  graphql@15.10.1:
    resolution: {integrity: sha512-BL/Xd/T9baO6NFzoMpiMD7YUZ62R6viR5tp/MULVEnbYJXZA//kRNW7J0j1w/wXArgL0sCxhDfK5dczSKn3+cg==}
    engines: {node: '>= 10.x'}

  isomorphic-unfetch@3.1.0:
    resolution: {integrity: sha512-geDJjpoZ8N0kWexiwkX8F9NkTsXhetLPVbZFQ+JTW239QNOwvB0gniuR1Wc6f0AMTn7/mFGyXvHTifrCp/GH8Q==}

  json-schema@0.4.0:
    resolution: {integrity: sha512-es94M3nTIfsEPisRafak+HDLfHXnKBhV3vU5eqPcS3flIWqcxJWgXHXiey3YrpaNsanY5ei1VoYEbOzijuq9BA==}

  lodash@4.17.21:
    resolution: {integrity: sha512-v2kDEe57lecTulaDIuNTPy3Ry4gLGJ6Z1O3vE1krgXZNrsQ+LFTGHVxVjcXPs17LhbZVGedAJv8XZ1tvj5FvSg==}

  node-fetch@2.7.0:
    resolution: {integrity: sha512-c4FRfUm/dbcWZ7U+1Wq0AwCyFL+3nt2bEw05wfxSz+DWpWsitgmSgYmy2dQdWyKC1694ELPqMs/YzUSNozLt8A==}
    engines: {node: 4.x || >=6.0.0}
    peerDependencies:
      encoding: ^0.1.0
    peerDependenciesMeta:
      encoding:
        optional: true

  oxlint@1.23.0:
    resolution: {integrity: sha512-cLVdSE7Bza8npm+PffU0oufs15+M5uSMbQn0k2fJCayWU0xqQ3dyA3w9tEk8lgNOk1j1VJEdYctz64Vik8VG1w==}
    engines: {node: ^20.19.0 || >=22.12.0}
    hasBin: true
    peerDependencies:
      oxlint-tsgolint: '>=0.2.0'
    peerDependenciesMeta:
      oxlint-tsgolint:
        optional: true

  prettier@3.6.2:
    resolution: {integrity: sha512-I7AIg5boAr5R0FFtJ6rCfD+LFsWHp81dolrFD8S79U9tb8Az2nGrJncnMSnys+bpQJfRUzqs9hnA81OAA3hCuQ==}
    engines: {node: '>=14'}
    hasBin: true

  tr46@0.0.3:
    resolution: {integrity: sha512-N3WMsuqV66lT30CrXNbEjx4GEwlow3v6rr4mCcv6prnfwhS01rkgyFdjPNBYd9br7LpXV1+Emh01fHnq2Gdgrw==}

  typescript@5.9.3:
    resolution: {integrity: sha512-jl1vZzPDinLr9eUt3J/t7V6FgNEw9QjvBPdysz9KfQDD41fQrC2Y4vKQdiaUpFT4bXlb1RHhLpp8wtm6M5TgSw==}
    engines: {node: '>=14.17'}
    hasBin: true

  undici-types@7.14.0:
    resolution: {integrity: sha512-QQiYxHuyZ9gQUIrmPo3IA+hUl4KYk8uSA7cHrcKd/l3p1OTpZcM0Tbp9x7FAtXdAYhlasd60ncPpgu6ihG6TOA==}

  unfetch@4.2.0:
    resolution: {integrity: sha512-F9p7yYCn6cIW9El1zi0HI6vqpeIvBsr3dSuRO6Xuppb1u5rXpCPmMvLSyECLhybr9isec8Ohl0hPekMVrEinDA==}

  universal-user-agent@7.0.3:
    resolution: {integrity: sha512-TmnEAEAsBJVZM/AADELsK76llnwcf9vMKuPz8JflO1frO8Lchitr0fNaN9d+Ap0BjKtqWqd/J17qeDnXh8CL2A==}

  webidl-conversions@3.0.1:
    resolution: {integrity: sha512-2JAn3z8AR6rjK8Sm8orRC0h/bcl/DqL7tRPdGZ4I1CjdF+EaMLmYxBHyXuKL849eucPFhvBoxMsflfOb8kxaeQ==}

  whatwg-url@5.0.0:
    resolution: {integrity: sha512-saE57nupxk6v3HY35+jzBwYa0rKSy0XR8JSxZPwgLr7ys0IBzhGviA1/TUGJLmSVqs8pb9AnvICXEuOHLprYTw==}

  zod@4.1.12:
    resolution: {integrity: sha512-JInaHOamG8pt5+Ey8kGmdcAcg3OL9reK8ltczgHTAwNhMys/6ThXHityHxVV2p3fkw/c+MAvBHFVYHFZDmjMCQ==}

snapshots:

  '@ai-sdk/gateway@1.0.40(zod@4.1.12)':
    dependencies:
      '@ai-sdk/provider': 2.0.0
      '@ai-sdk/provider-utils': 3.0.12(zod@4.1.12)
      '@vercel/oidc': 3.0.2
      zod: 4.1.12

  '@ai-sdk/openai@2.0.52(zod@4.1.12)':
    dependencies:
      '@ai-sdk/provider': 2.0.0
      '@ai-sdk/provider-utils': 3.0.12(zod@4.1.12)
      zod: 4.1.12

  '@ai-sdk/provider-utils@3.0.12(zod@4.1.12)':
    dependencies:
      '@ai-sdk/provider': 2.0.0
      '@standard-schema/spec': 1.0.0
      eventsource-parser: 3.0.6
      zod: 4.1.12

  '@ai-sdk/provider@2.0.0':
    dependencies:
      json-schema: 0.4.0

  '@graphql-typed-document-node/core@3.2.0(graphql@15.10.1)':
    dependencies:
      graphql: 15.10.1

  '@linear/sdk@60.0.0':
    dependencies:
      '@graphql-typed-document-node/core': 3.2.0(graphql@15.10.1)
      graphql: 15.10.1
      isomorphic-unfetch: 3.1.0
    transitivePeerDependencies:
      - encoding

  '@ngrok/ngrok-android-arm64@1.5.2':
    optional: true

  '@ngrok/ngrok-darwin-arm64@1.5.2':
    optional: true

  '@ngrok/ngrok-darwin-universal@1.5.2':
    optional: true

  '@ngrok/ngrok-darwin-x64@1.5.2':
    optional: true

  '@ngrok/ngrok-freebsd-x64@1.5.2':
    optional: true

  '@ngrok/ngrok-linux-arm-gnueabihf@1.5.2':
    optional: true

  '@ngrok/ngrok-linux-arm64-gnu@1.5.2':
    optional: true

  '@ngrok/ngrok-linux-arm64-musl@1.5.2':
    optional: true

  '@ngrok/ngrok-linux-x64-gnu@1.5.2':
    optional: true

  '@ngrok/ngrok-linux-x64-musl@1.5.2':
    optional: true

  '@ngrok/ngrok-win32-arm64-msvc@1.5.2':
    optional: true

  '@ngrok/ngrok-win32-ia32-msvc@1.5.2':
    optional: true

  '@ngrok/ngrok-win32-x64-msvc@1.5.2':
    optional: true

  '@ngrok/ngrok@1.5.2':
    optionalDependencies:
      '@ngrok/ngrok-android-arm64': 1.5.2
      '@ngrok/ngrok-darwin-arm64': 1.5.2
      '@ngrok/ngrok-darwin-universal': 1.5.2
      '@ngrok/ngrok-darwin-x64': 1.5.2
      '@ngrok/ngrok-freebsd-x64': 1.5.2
      '@ngrok/ngrok-linux-arm-gnueabihf': 1.5.2
      '@ngrok/ngrok-linux-arm64-gnu': 1.5.2
      '@ngrok/ngrok-linux-arm64-musl': 1.5.2
      '@ngrok/ngrok-linux-x64-gnu': 1.5.2
      '@ngrok/ngrok-linux-x64-musl': 1.5.2
      '@ngrok/ngrok-win32-arm64-msvc': 1.5.2
      '@ngrok/ngrok-win32-ia32-msvc': 1.5.2
      '@ngrok/ngrok-win32-x64-msvc': 1.5.2

  '@octokit/auth-token@6.0.0': {}

  '@octokit/core@7.0.5':
    dependencies:
      '@octokit/auth-token': 6.0.0
      '@octokit/graphql': 9.0.2
      '@octokit/request': 10.0.5
      '@octokit/request-error': 7.0.1
      '@octokit/types': 15.0.0
      before-after-hook: 4.0.0
      universal-user-agent: 7.0.3

  '@octokit/endpoint@11.0.1':
    dependencies:
      '@octokit/types': 15.0.0
      universal-user-agent: 7.0.3

  '@octokit/graphql@9.0.2':
    dependencies:
      '@octokit/request': 10.0.5
      '@octokit/types': 15.0.0
      universal-user-agent: 7.0.3

  '@octokit/openapi-types@26.0.0': {}

  '@octokit/plugin-paginate-rest@13.2.0(@octokit/core@7.0.5)':
    dependencies:
      '@octokit/core': 7.0.5
      '@octokit/types': 15.0.0

  '@octokit/plugin-request-log@6.0.0(@octokit/core@7.0.5)':
    dependencies:
      '@octokit/core': 7.0.5

  '@octokit/plugin-rest-endpoint-methods@16.1.0(@octokit/core@7.0.5)':
    dependencies:
      '@octokit/core': 7.0.5
      '@octokit/types': 15.0.0

  '@octokit/request-error@7.0.1':
    dependencies:
      '@octokit/types': 15.0.0

  '@octokit/request@10.0.5':
    dependencies:
      '@octokit/endpoint': 11.0.1
      '@octokit/request-error': 7.0.1
      '@octokit/types': 15.0.0
      fast-content-type-parse: 3.0.0
      universal-user-agent: 7.0.3

  '@octokit/rest@22.0.0':
    dependencies:
      '@octokit/core': 7.0.5
      '@octokit/plugin-paginate-rest': 13.2.0(@octokit/core@7.0.5)
      '@octokit/plugin-request-log': 6.0.0(@octokit/core@7.0.5)
      '@octokit/plugin-rest-endpoint-methods': 16.1.0(@octokit/core@7.0.5)

  '@octokit/types@15.0.0':
    dependencies:
      '@octokit/openapi-types': 26.0.0

  '@opentelemetry/api@1.9.0': {}

  '@oxlint/darwin-arm64@1.23.0':
    optional: true

  '@oxlint/darwin-x64@1.23.0':
    optional: true

  '@oxlint/linux-arm64-gnu@1.23.0':
    optional: true

  '@oxlint/linux-arm64-musl@1.23.0':
    optional: true

  '@oxlint/linux-x64-gnu@1.23.0':
    optional: true

  '@oxlint/linux-x64-musl@1.23.0':
    optional: true

  '@oxlint/win32-arm64@1.23.0':
    optional: true

  '@oxlint/win32-x64@1.23.0':
    optional: true

  '@standard-schema/spec@1.0.0': {}

  '@types/bun@1.3.0(@types/react@19.2.2)':
    dependencies:
      bun-types: 1.3.0(@types/react@19.2.2)
    transitivePeerDependencies:
      - '@types/react'

  '@types/lodash@4.17.20': {}

  '@types/node@24.7.2':
    dependencies:
      undici-types: 7.14.0

  '@types/react@19.2.2':
    dependencies:
      csstype: 3.1.3

  '@vercel/oidc@3.0.2': {}

  ai@5.0.72(zod@4.1.12):
    dependencies:
      '@ai-sdk/gateway': 1.0.40(zod@4.1.12)
      '@ai-sdk/provider': 2.0.0
      '@ai-sdk/provider-utils': 3.0.12(zod@4.1.12)
      '@opentelemetry/api': 1.9.0
      zod: 4.1.12

  before-after-hook@4.0.0: {}

  bun-types@1.3.0(@types/react@19.2.2):
    dependencies:
      '@types/node': 24.7.2
      '@types/react': 19.2.2

  csstype@3.1.3: {}

  date-fns@4.1.0: {}

  eventsource-parser@3.0.6: {}

  fast-content-type-parse@3.0.0: {}

  graphql@15.10.1: {}

  isomorphic-unfetch@3.1.0:
    dependencies:
      node-fetch: 2.7.0
      unfetch: 4.2.0
    transitivePeerDependencies:
      - encoding

  json-schema@0.4.0: {}

  lodash@4.17.21: {}

  node-fetch@2.7.0:
    dependencies:
      whatwg-url: 5.0.0

  oxlint@1.23.0:
    optionalDependencies:
      '@oxlint/darwin-arm64': 1.23.0
      '@oxlint/darwin-x64': 1.23.0
      '@oxlint/linux-arm64-gnu': 1.23.0
      '@oxlint/linux-arm64-musl': 1.23.0
      '@oxlint/linux-x64-gnu': 1.23.0
      '@oxlint/linux-x64-musl': 1.23.0
      '@oxlint/win32-arm64': 1.23.0
      '@oxlint/win32-x64': 1.23.0

  prettier@3.6.2: {}

  tr46@0.0.3: {}

  typescript@5.9.3: {}

  undici-types@7.14.0: {}

  unfetch@4.2.0: {}

  universal-user-agent@7.0.3: {}

  webidl-conversions@3.0.1: {}

  whatwg-url@5.0.0:
    dependencies:
      tr46: 0.0.3
      webidl-conversions: 3.0.1

  zod@4.1.12: {}
